
Microsoft Visual Studio Solution File, Format Version 12.00
# Visual Studio Version 17
VisualStudioVersion = 17.5.33414.496
MinimumVisualStudioVersion = 10.0.40219.1
Project("{FAE04EC0-301F-11D3-BF4B-00C04F79EFBC}") = "Jquerry y Lambda", "Jquerry y Lambda\Jquerry y Lambda.csproj", "{DFF7C990-A943-4090-BC14-FB345972EE0B}"
EndProject
Global
	GlobalSection(SolutionConfigurationPlatforms) = preSolution
		Debug|Any CPU = Debug|Any CPU
		Release|Any CPU = Release|Any CPU
	EndGlobalSection
	GlobalSection(ProjectConfigurationPlatforms) = postSolution
		{DFF7C990-A943-4090-BC14-FB345972EE0B}.Debug|Any CPU.ActiveCfg = Debug|Any CPU
		{DFF7C990-A943-4090-BC14-FB345972EE0B}.Debug|Any CPU.Build.0 = Debug|Any CPU
		{DFF7C990-A943-4090-BC14-FB345972EE0B}.Release|Any CPU.ActiveCfg = Release|Any CPU
		{DFF7C990-A943-4090-BC14-FB345972EE0B}.Release|Any CPU.Build.0 = Release|Any CPU
	EndGlobalSection
	GlobalSection(SolutionProperties) = preSolution
		HideSolutionNode = FALSE
	EndGlobalSection
	GlobalSection(ExtensibilityGlobals) = postSolution
		SolutionGuid = {E648F2B1-D118-4280-A865-E959035B283A}
	EndGlobalSection
EndGlobal
